
Microsoft Visual Studio Solution File, Format Version 12.00
# Visual Studio Version 17
VisualStudioVersion = 17.0.31903.59
MinimumVisualStudioVersion = 10.0.40219.1
Project("{9A19103F-16F7-4668-BE54-9A1E7A4F7556}") = "FrameworkAgnostic", "src\Framework\FrameworkAgnostic\FrameworkAgnostic.csproj", "{F9CE20E2-0667-4C60-8096-7AE06DBB7C2D}"
EndProject
Project("{2150E333-8FDC-42A3-9474-1A3956D46DE8}") = "Framework", "Framework", "{23E3ACC7-7CA3-4272-9B25-2C6A3B8FEF92}"
EndProject
Project("{9A19103F-16F7-4668-BE54-9A1E7A4F7556}") = "Hosting", "src\Hosting\Hosting.csproj", "{E956DC02-6065-438F-8F02-7C44CD51BE24}"
EndProject
Project("{2150E333-8FDC-42A3-9474-1A3956D46DE8}") = "Modules", "Modules", "{B4A6DD9A-1D39-4C86-B58C-8CCC5B489780}"
EndProject
Project("{E53339B2-1760-4266-BCC7-CA923CBCF16C}") = "docker-compose", "docker-compose.dcproj", "{8A600A1C-305A-474D-8BDC-7A65295A91AB}"
EndProject
Project("{2150E333-8FDC-42A3-9474-1A3956D46DE8}") = "Libary", "Libary", "{F8EC9148-B838-4792-8B1E-8877DDCCBC4A}"
EndProject
Project("{9A19103F-16F7-4668-BE54-9A1E7A4F7556}") = "RepoDb.Microsoft.Extensions.DependencyInjection", "src\Library\RepoDb.Microsoft.Extensions.DependencyInjection\RepoDb.Microsoft.Extensions.DependencyInjection.csproj", "{466010D6-A0A0-4D30-AF1C-61BFCB693F5B}"
EndProject
Project("{9A19103F-16F7-4668-BE54-9A1E7A4F7556}") = "SharedKernel", "src\Framework\SharedKernel\SharedKernel.csproj", "{4246CFC4-E308-4066-8CB7-0EAB4DA4A9BE}"
EndProject
Project("{9A19103F-16F7-4668-BE54-9A1E7A4F7556}") = "FrameworkAgnostic.Microsoft.Extensions.DependencyInjection", "src\Framework\MIcrosoft.Extention.WebApplicationBuilder\FrameworkAgnostic.Microsoft.Extensions.DependencyInjection.csproj", "{E6EC6FEB-B6A4-4E37-8E14-0FCDC5B6208F}"
EndProject
Project("{2150E333-8FDC-42A3-9474-1A3956D46DE8}") = "CustomerModule", "CustomerModule", "{D06B4C45-7B1A-4228-924F-E8013E09F367}"
EndProject
Project("{9A19103F-16F7-4668-BE54-9A1E7A4F7556}") = "Customer.WebApi", "src\Modules\CustomerModule\Customer.WebApi\Customer.WebApi.csproj", "{59044AA4-6094-40ED-83AE-05CD15D6CAAC}"
EndProject
Project("{9A19103F-16F7-4668-BE54-9A1E7A4F7556}") = "Customer.Application", "src\Modules\CustomerModule\Customer.Application\Customer.Application.csproj", "{F0ECD04A-6D66-4FA9-81EC-1C8EC6D17F39}"
EndProject
Project("{9A19103F-16F7-4668-BE54-9A1E7A4F7556}") = "Customer.Core", "src\Modules\CustomerModule\Customer.Core\Customer.Core.csproj", "{98465EAA-EC95-4D59-A6B0-ED421C008E27}"
EndProject
Project("{9A19103F-16F7-4668-BE54-9A1E7A4F7556}") = "Customer.Infrastructure", "src\Modules\CustomerModule\Customer.Infrastructure\Customer.Infrastructure.csproj", "{74CB0F84-6538-400A-A911-9323DAB17361}"
EndProject
Project("{2150E333-8FDC-42A3-9474-1A3956D46DE8}") = "BuildingBlock", "BuildingBlock", "{1EA84C9E-BCA9-4C40-97C8-A3F6A960EF84}"
EndProject
Project("{2150E333-8FDC-42A3-9474-1A3956D46DE8}") = "Extensions", "Extensions", "{B481A32C-796A-4B9F-A341-3243205F98A6}"
EndProject
Project("{2150E333-8FDC-42A3-9474-1A3956D46DE8}") = "LiteModule", "LiteModule", "{8C3D3D0E-5C7D-46EC-883A-1402CB01F3DC}"
EndProject
Project("{9A19103F-16F7-4668-BE54-9A1E7A4F7556}") = "Lite.Api", "src\Modules\LiteModule\Lite.Api\Lite.Api.csproj", "{7E4CDA52-7152-4B09-8599-24EB1713B96A}"
EndProject
Project("{9A19103F-16F7-4668-BE54-9A1E7A4F7556}") = "Customer.Host", "src\Modules\CustomerModule\Customer.Host\Customer.Host.csproj", "{8486573C-01F1-4843-9E5E-ABA00219B84B}"
EndProject
Project("{9A19103F-16F7-4668-BE54-9A1E7A4F7556}") = "Lite.Service", "src\Modules\LiteModule\Lite.Service\Lite.Service.csproj", "{E085623C-AE07-4E40-BF0D-28E2753630EB}"
EndProject
Global
	GlobalSection(SolutionConfigurationPlatforms) = preSolution
		Debug|Any CPU = Debug|Any CPU
		Release|Any CPU = Release|Any CPU
	EndGlobalSection
	GlobalSection(ProjectConfigurationPlatforms) = postSolution
		{F9CE20E2-0667-4C60-8096-7AE06DBB7C2D}.Debug|Any CPU.ActiveCfg = Debug|Any CPU
		{F9CE20E2-0667-4C60-8096-7AE06DBB7C2D}.Debug|Any CPU.Build.0 = Debug|Any CPU
		{F9CE20E2-0667-4C60-8096-7AE06DBB7C2D}.Release|Any CPU.ActiveCfg = Release|Any CPU
		{F9CE20E2-0667-4C60-8096-7AE06DBB7C2D}.Release|Any CPU.Build.0 = Release|Any CPU
		{E956DC02-6065-438F-8F02-7C44CD51BE24}.Debug|Any CPU.ActiveCfg = Debug|Any CPU
		{E956DC02-6065-438F-8F02-7C44CD51BE24}.Debug|Any CPU.Build.0 = Debug|Any CPU
		{E956DC02-6065-438F-8F02-7C44CD51BE24}.Release|Any CPU.ActiveCfg = Release|Any CPU
		{E956DC02-6065-438F-8F02-7C44CD51BE24}.Release|Any CPU.Build.0 = Release|Any CPU
		{8A600A1C-305A-474D-8BDC-7A65295A91AB}.Debug|Any CPU.ActiveCfg = Debug|Any CPU
		{8A600A1C-305A-474D-8BDC-7A65295A91AB}.Debug|Any CPU.Build.0 = Debug|Any CPU
		{8A600A1C-305A-474D-8BDC-7A65295A91AB}.Release|Any CPU.ActiveCfg = Release|Any CPU
		{8A600A1C-305A-474D-8BDC-7A65295A91AB}.Release|Any CPU.Build.0 = Release|Any CPU
		{466010D6-A0A0-4D30-AF1C-61BFCB693F5B}.Debug|Any CPU.ActiveCfg = Debug|Any CPU
		{466010D6-A0A0-4D30-AF1C-61BFCB693F5B}.Debug|Any CPU.Build.0 = Debug|Any CPU
		{466010D6-A0A0-4D30-AF1C-61BFCB693F5B}.Release|Any CPU.ActiveCfg = Release|Any CPU
		{466010D6-A0A0-4D30-AF1C-61BFCB693F5B}.Release|Any CPU.Build.0 = Release|Any CPU
		{4246CFC4-E308-4066-8CB7-0EAB4DA4A9BE}.Debug|Any CPU.ActiveCfg = Debug|Any CPU
		{4246CFC4-E308-4066-8CB7-0EAB4DA4A9BE}.Debug|Any CPU.Build.0 = Debug|Any CPU
		{4246CFC4-E308-4066-8CB7-0EAB4DA4A9BE}.Release|Any CPU.ActiveCfg = Release|Any CPU
		{4246CFC4-E308-4066-8CB7-0EAB4DA4A9BE}.Release|Any CPU.Build.0 = Release|Any CPU
		{E6EC6FEB-B6A4-4E37-8E14-0FCDC5B6208F}.Debug|Any CPU.ActiveCfg = Debug|Any CPU
		{E6EC6FEB-B6A4-4E37-8E14-0FCDC5B6208F}.Debug|Any CPU.Build.0 = Debug|Any CPU
		{E6EC6FEB-B6A4-4E37-8E14-0FCDC5B6208F}.Release|Any CPU.ActiveCfg = Release|Any CPU
		{E6EC6FEB-B6A4-4E37-8E14-0FCDC5B6208F}.Release|Any CPU.Build.0 = Release|Any CPU
		{59044AA4-6094-40ED-83AE-05CD15D6CAAC}.Debug|Any CPU.ActiveCfg = Debug|Any CPU
		{59044AA4-6094-40ED-83AE-05CD15D6CAAC}.Debug|Any CPU.Build.0 = Debug|Any CPU
		{59044AA4-6094-40ED-83AE-05CD15D6CAAC}.Release|Any CPU.ActiveCfg = Release|Any CPU
		{59044AA4-6094-40ED-83AE-05CD15D6CAAC}.Release|Any CPU.Build.0 = Release|Any CPU
		{F0ECD04A-6D66-4FA9-81EC-1C8EC6D17F39}.Debug|Any CPU.ActiveCfg = Debug|Any CPU
		{F0ECD04A-6D66-4FA9-81EC-1C8EC6D17F39}.Debug|Any CPU.Build.0 = Debug|Any CPU
		{F0ECD04A-6D66-4FA9-81EC-1C8EC6D17F39}.Release|Any CPU.ActiveCfg = Release|Any CPU
		{F0ECD04A-6D66-4FA9-81EC-1C8EC6D17F39}.Release|Any CPU.Build.0 = Release|Any CPU
		{98465EAA-EC95-4D59-A6B0-ED421C008E27}.Debug|Any CPU.ActiveCfg = Debug|Any CPU
		{98465EAA-EC95-4D59-A6B0-ED421C008E27}.Debug|Any CPU.Build.0 = Debug|Any CPU
		{98465EAA-EC95-4D59-A6B0-ED421C008E27}.Release|Any CPU.ActiveCfg = Release|Any CPU
		{98465EAA-EC95-4D59-A6B0-ED421C008E27}.Release|Any CPU.Build.0 = Release|Any CPU
		{74CB0F84-6538-400A-A911-9323DAB17361}.Debug|Any CPU.ActiveCfg = Debug|Any CPU
		{74CB0F84-6538-400A-A911-9323DAB17361}.Debug|Any CPU.Build.0 = Debug|Any CPU
		{74CB0F84-6538-400A-A911-9323DAB17361}.Release|Any CPU.ActiveCfg = Release|Any CPU
		{74CB0F84-6538-400A-A911-9323DAB17361}.Release|Any CPU.Build.0 = Release|Any CPU
		{7E4CDA52-7152-4B09-8599-24EB1713B96A}.Debug|Any CPU.ActiveCfg = Debug|Any CPU
		{7E4CDA52-7152-4B09-8599-24EB1713B96A}.Debug|Any CPU.Build.0 = Debug|Any CPU
		{7E4CDA52-7152-4B09-8599-24EB1713B96A}.Release|Any CPU.ActiveCfg = Release|Any CPU
		{7E4CDA52-7152-4B09-8599-24EB1713B96A}.Release|Any CPU.Build.0 = Release|Any CPU
		{8486573C-01F1-4843-9E5E-ABA00219B84B}.Debug|Any CPU.ActiveCfg = Debug|Any CPU
		{8486573C-01F1-4843-9E5E-ABA00219B84B}.Debug|Any CPU.Build.0 = Debug|Any CPU
		{8486573C-01F1-4843-9E5E-ABA00219B84B}.Release|Any CPU.ActiveCfg = Release|Any CPU
		{8486573C-01F1-4843-9E5E-ABA00219B84B}.Release|Any CPU.Build.0 = Release|Any CPU
		{E085623C-AE07-4E40-BF0D-28E2753630EB}.Debug|Any CPU.ActiveCfg = Debug|Any CPU
		{E085623C-AE07-4E40-BF0D-28E2753630EB}.Debug|Any CPU.Build.0 = Debug|Any CPU
		{E085623C-AE07-4E40-BF0D-28E2753630EB}.Release|Any CPU.ActiveCfg = Release|Any CPU
		{E085623C-AE07-4E40-BF0D-28E2753630EB}.Release|Any CPU.Build.0 = Release|Any CPU
	EndGlobalSection
	GlobalSection(SolutionProperties) = preSolution
		HideSolutionNode = FALSE
	EndGlobalSection
	GlobalSection(NestedProjects) = preSolution
		{F9CE20E2-0667-4C60-8096-7AE06DBB7C2D} = {1EA84C9E-BCA9-4C40-97C8-A3F6A960EF84}
		{466010D6-A0A0-4D30-AF1C-61BFCB693F5B} = {F8EC9148-B838-4792-8B1E-8877DDCCBC4A}
		{4246CFC4-E308-4066-8CB7-0EAB4DA4A9BE} = {1EA84C9E-BCA9-4C40-97C8-A3F6A960EF84}
		{E6EC6FEB-B6A4-4E37-8E14-0FCDC5B6208F} = {B481A32C-796A-4B9F-A341-3243205F98A6}
		{D06B4C45-7B1A-4228-924F-E8013E09F367} = {B4A6DD9A-1D39-4C86-B58C-8CCC5B489780}
		{59044AA4-6094-40ED-83AE-05CD15D6CAAC} = {D06B4C45-7B1A-4228-924F-E8013E09F367}
		{F0ECD04A-6D66-4FA9-81EC-1C8EC6D17F39} = {D06B4C45-7B1A-4228-924F-E8013E09F367}
		{98465EAA-EC95-4D59-A6B0-ED421C008E27} = {D06B4C45-7B1A-4228-924F-E8013E09F367}
		{74CB0F84-6538-400A-A911-9323DAB17361} = {D06B4C45-7B1A-4228-924F-E8013E09F367}
		{1EA84C9E-BCA9-4C40-97C8-A3F6A960EF84} = {23E3ACC7-7CA3-4272-9B25-2C6A3B8FEF92}
		{B481A32C-796A-4B9F-A341-3243205F98A6} = {23E3ACC7-7CA3-4272-9B25-2C6A3B8FEF92}
		{8C3D3D0E-5C7D-46EC-883A-1402CB01F3DC} = {B4A6DD9A-1D39-4C86-B58C-8CCC5B489780}
		{7E4CDA52-7152-4B09-8599-24EB1713B96A} = {8C3D3D0E-5C7D-46EC-883A-1402CB01F3DC}
		{8486573C-01F1-4843-9E5E-ABA00219B84B} = {D06B4C45-7B1A-4228-924F-E8013E09F367}
		{E085623C-AE07-4E40-BF0D-28E2753630EB} = {8C3D3D0E-5C7D-46EC-883A-1402CB01F3DC}
	EndGlobalSection
	GlobalSection(ExtensibilityGlobals) = postSolution
		SolutionGuid = {CE543E4F-7901-41E7-8A5A-B7DF93201C38}
	EndGlobalSection
EndGlobal
