
Microsoft Visual Studio Solution File, Format Version 12.00
# Visual Studio Version 17
VisualStudioVersion = 17.0.31903.59
MinimumVisualStudioVersion = 10.0.40219.1
Project("{9A19103F-16F7-4668-BE54-9A1E7A4F7556}") = "FrameworkAgnostic", "src\FrameworkAgnostic\FrameworkAgnostic.csproj", "{F9CE20E2-0667-4C60-8096-7AE06DBB7C2D}"
EndProject
Project("{9A19103F-16F7-4668-BE54-9A1E7A4F7556}") = "Infrastructure", "src\Infrastructure\Infrastructure.csproj", "{6318C671-72C6-4FC6-AAEF-9C7AD7E79AD2}"
EndProject
Project("{2150E333-8FDC-42A3-9474-1A3956D46DE8}") = "Framework", "Framework", "{23E3ACC7-7CA3-4272-9B25-2C6A3B8FEF92}"
EndProject
Project("{9A19103F-16F7-4668-BE54-9A1E7A4F7556}") = "Hosting", "src\Hosting\Hosting.csproj", "{E956DC02-6065-438F-8F02-7C44CD51BE24}"
EndProject
Project("{2150E333-8FDC-42A3-9474-1A3956D46DE8}") = "Modules", "Modules", "{B4A6DD9A-1D39-4C86-B58C-8CCC5B489780}"
EndProject
Project("{2150E333-8FDC-42A3-9474-1A3956D46DE8}") = "Hello", "Hello", "{59B7027B-0F51-4164-850E-FCC13D4EFC65}"
EndProject
Project("{9A19103F-16F7-4668-BE54-9A1E7A4F7556}") = "Hello.Api", "src\Modules\Hello\HelloModule.Api\Hello.Api.csproj", "{D39201AA-AC15-4FE8-A67E-CB1D69A7BC30}"
EndProject
Project("{E53339B2-1760-4266-BCC7-CA923CBCF16C}") = "docker-compose", "docker-compose.dcproj", "{8A600A1C-305A-474D-8BDC-7A65295A91AB}"
EndProject
Project("{FAE04EC0-301F-11D3-BF4B-00C04F79EFBC}") = "Hello.Services", "src\Modules\Hello\Hello.Services\Hello.Services.csproj", "{49FA98EB-2228-4455-9807-2E885527F78D}"
EndProject
Global
	GlobalSection(SolutionConfigurationPlatforms) = preSolution
		Debug|Any CPU = Debug|Any CPU
		Release|Any CPU = Release|Any CPU
	EndGlobalSection
	GlobalSection(ProjectConfigurationPlatforms) = postSolution
		{F9CE20E2-0667-4C60-8096-7AE06DBB7C2D}.Debug|Any CPU.ActiveCfg = Debug|Any CPU
		{F9CE20E2-0667-4C60-8096-7AE06DBB7C2D}.Debug|Any CPU.Build.0 = Debug|Any CPU
		{F9CE20E2-0667-4C60-8096-7AE06DBB7C2D}.Release|Any CPU.ActiveCfg = Release|Any CPU
		{F9CE20E2-0667-4C60-8096-7AE06DBB7C2D}.Release|Any CPU.Build.0 = Release|Any CPU
		{6318C671-72C6-4FC6-AAEF-9C7AD7E79AD2}.Debug|Any CPU.ActiveCfg = Debug|Any CPU
		{6318C671-72C6-4FC6-AAEF-9C7AD7E79AD2}.Debug|Any CPU.Build.0 = Debug|Any CPU
		{6318C671-72C6-4FC6-AAEF-9C7AD7E79AD2}.Release|Any CPU.ActiveCfg = Release|Any CPU
		{6318C671-72C6-4FC6-AAEF-9C7AD7E79AD2}.Release|Any CPU.Build.0 = Release|Any CPU
		{E956DC02-6065-438F-8F02-7C44CD51BE24}.Debug|Any CPU.ActiveCfg = Debug|Any CPU
		{E956DC02-6065-438F-8F02-7C44CD51BE24}.Debug|Any CPU.Build.0 = Debug|Any CPU
		{E956DC02-6065-438F-8F02-7C44CD51BE24}.Release|Any CPU.ActiveCfg = Release|Any CPU
		{E956DC02-6065-438F-8F02-7C44CD51BE24}.Release|Any CPU.Build.0 = Release|Any CPU
		{D39201AA-AC15-4FE8-A67E-CB1D69A7BC30}.Debug|Any CPU.ActiveCfg = Debug|Any CPU
		{D39201AA-AC15-4FE8-A67E-CB1D69A7BC30}.Debug|Any CPU.Build.0 = Debug|Any CPU
		{D39201AA-AC15-4FE8-A67E-CB1D69A7BC30}.Release|Any CPU.ActiveCfg = Release|Any CPU
		{D39201AA-AC15-4FE8-A67E-CB1D69A7BC30}.Release|Any CPU.Build.0 = Release|Any CPU
		{8A600A1C-305A-474D-8BDC-7A65295A91AB}.Debug|Any CPU.ActiveCfg = Debug|Any CPU
		{8A600A1C-305A-474D-8BDC-7A65295A91AB}.Debug|Any CPU.Build.0 = Debug|Any CPU
		{8A600A1C-305A-474D-8BDC-7A65295A91AB}.Release|Any CPU.ActiveCfg = Release|Any CPU
		{8A600A1C-305A-474D-8BDC-7A65295A91AB}.Release|Any CPU.Build.0 = Release|Any CPU
		{49FA98EB-2228-4455-9807-2E885527F78D}.Debug|Any CPU.ActiveCfg = Debug|Any CPU
		{49FA98EB-2228-4455-9807-2E885527F78D}.Debug|Any CPU.Build.0 = Debug|Any CPU
		{49FA98EB-2228-4455-9807-2E885527F78D}.Release|Any CPU.ActiveCfg = Release|Any CPU
		{49FA98EB-2228-4455-9807-2E885527F78D}.Release|Any CPU.Build.0 = Release|Any CPU
	EndGlobalSection
	GlobalSection(SolutionProperties) = preSolution
		HideSolutionNode = FALSE
	EndGlobalSection
	GlobalSection(NestedProjects) = preSolution
		{F9CE20E2-0667-4C60-8096-7AE06DBB7C2D} = {23E3ACC7-7CA3-4272-9B25-2C6A3B8FEF92}
		{6318C671-72C6-4FC6-AAEF-9C7AD7E79AD2} = {23E3ACC7-7CA3-4272-9B25-2C6A3B8FEF92}
		{59B7027B-0F51-4164-850E-FCC13D4EFC65} = {B4A6DD9A-1D39-4C86-B58C-8CCC5B489780}
		{D39201AA-AC15-4FE8-A67E-CB1D69A7BC30} = {59B7027B-0F51-4164-850E-FCC13D4EFC65}
		{49FA98EB-2228-4455-9807-2E885527F78D} = {59B7027B-0F51-4164-850E-FCC13D4EFC65}
	EndGlobalSection
	GlobalSection(ExtensibilityGlobals) = postSolution
		SolutionGuid = {CE543E4F-7901-41E7-8A5A-B7DF93201C38}
	EndGlobalSection
EndGlobal
